
Microsoft Visual Studio Solution File, Format Version 12.00
# Visual Studio Version 16
VisualStudioVersion = 16.0.28803.352
MinimumVisualStudioVersion = 10.0.40219.1
Project("{FAE04EC0-301F-11D3-BF4B-00C04F79EFBC}") = "Calculator", "Calculator\Calculator.csproj", "{53AAE046-06FA-43D9-84D0-FF31284FA67E}"
EndProject
Global
	GlobalSection(SolutionConfigurationPlatforms) = preSolution
		Debug|Any CPU = Debug|Any CPU
		Release|Any CPU = Release|Any CPU
	EndGlobalSection
	GlobalSection(ProjectConfigurationPlatforms) = postSolution
		{53AAE046-06FA-43D9-84D0-FF31284FA67E}.Debug|Any CPU.ActiveCfg = Debug|Any CPU
		{53AAE046-06FA-43D9-84D0-FF31284FA67E}.Debug|Any CPU.Build.0 = Debug|Any CPU
		{53AAE046-06FA-43D9-84D0-FF31284FA67E}.Release|Any CPU.ActiveCfg = Release|Any CPU
		{53AAE046-06FA-43D9-84D0-FF31284FA67E}.Release|Any CPU.Build.0 = Release|Any CPU
	EndGlobalSection
	GlobalSection(SolutionProperties) = preSolution
		HideSolutionNode = FALSE
	EndGlobalSection
	GlobalSection(ExtensibilityGlobals) = postSolution
		SolutionGuid = {AD9D2677-D46C-4B29-963A-1DD609B9BDC3}
	EndGlobalSection
EndGlobal
